
Microsoft Visual Studio Solution File, Format Version 12.00
# Visual Studio Version 16
VisualStudioVersion = 16.0.30611.23
MinimumVisualStudioVersion = 10.0.40219.1
Project("{9A19103F-16F7-4668-BE54-9A1E7A4F7556}") = "Groceries", "Groceries.csproj", "{4E5ADE6F-A932-413A-916C-C35F8102A6ED}"
EndProject
Project("{9A19103F-16F7-4668-BE54-9A1E7A4F7556}") = "GroceriesTesting", "GroceriesTesting\GroceriesTesting.csproj", "{2BE4E1A1-C9C3-4F02-B2C1-5E22BE4A4D1F}"
EndProject
Global
	GlobalSection(SolutionConfigurationPlatforms) = preSolution
		Debug|Any CPU = Debug|Any CPU
		Release|Any CPU = Release|Any CPU
	EndGlobalSection
	GlobalSection(ProjectConfigurationPlatforms) = postSolution
		{4E5ADE6F-A932-413A-916C-C35F8102A6ED}.Debug|Any CPU.ActiveCfg = Debug|Any CPU
		{4E5ADE6F-A932-413A-916C-C35F8102A6ED}.Debug|Any CPU.Build.0 = Debug|Any CPU
		{4E5ADE6F-A932-413A-916C-C35F8102A6ED}.Release|Any CPU.ActiveCfg = Release|Any CPU
		{4E5ADE6F-A932-413A-916C-C35F8102A6ED}.Release|Any CPU.Build.0 = Release|Any CPU
		{2BE4E1A1-C9C3-4F02-B2C1-5E22BE4A4D1F}.Debug|Any CPU.ActiveCfg = Debug|Any CPU
		{2BE4E1A1-C9C3-4F02-B2C1-5E22BE4A4D1F}.Debug|Any CPU.Build.0 = Debug|Any CPU
		{2BE4E1A1-C9C3-4F02-B2C1-5E22BE4A4D1F}.Release|Any CPU.ActiveCfg = Release|Any CPU
		{2BE4E1A1-C9C3-4F02-B2C1-5E22BE4A4D1F}.Release|Any CPU.Build.0 = Release|Any CPU
	EndGlobalSection
	GlobalSection(SolutionProperties) = preSolution
		HideSolutionNode = FALSE
	EndGlobalSection
	GlobalSection(ExtensibilityGlobals) = postSolution
		SolutionGuid = {6BF1D56A-FBB3-4D6F-9C95-FBDDA35B4E6F}
	EndGlobalSection
EndGlobal
