
Microsoft Visual Studio Solution File, Format Version 12.00
# Visual Studio Version 16
VisualStudioVersion = 16.0.30611.23
MinimumVisualStudioVersion = 10.0.40219.1
Project("{9A19103F-16F7-4668-BE54-9A1E7A4F7556}") = "Groceries", "Groceries.csproj", "{4E5ADE6F-A932-413A-916C-C35F8102A6ED}"
EndProject
Project("{9A19103F-16F7-4668-BE54-9A1E7A4F7556}") = "GroceriesTesting", "..\GroceriesTesting\GroceriesTesting.csproj", "{CB104DFB-A78B-4574-A37B-C53483B93483}"
EndProject
Project("{2150E333-8FDC-42A3-9474-1A3956D46DE8}") = "Solution Items", "Solution Items", "{AAA53382-3A07-4BEE-9506-066AAA129053}"
	ProjectSection(SolutionItems) = preProject
		..\.gitignore = ..\.gitignore
		..\README.md = ..\README.md
	EndProjectSection
EndProject
Project("{FAE04EC0-301F-11D3-BF4B-00C04F79EFBC}") = "GroceriesModels", "..\GroceriesModels\GroceriesModels.csproj", "{061A0E04-71C4-422D-A6A7-26A317E30151}"
EndProject
Global
	GlobalSection(SolutionConfigurationPlatforms) = preSolution
		Debug|Any CPU = Debug|Any CPU
		Release|Any CPU = Release|Any CPU
	EndGlobalSection
	GlobalSection(ProjectConfigurationPlatforms) = postSolution
		{4E5ADE6F-A932-413A-916C-C35F8102A6ED}.Debug|Any CPU.ActiveCfg = Debug|Any CPU
		{4E5ADE6F-A932-413A-916C-C35F8102A6ED}.Debug|Any CPU.Build.0 = Debug|Any CPU
		{4E5ADE6F-A932-413A-916C-C35F8102A6ED}.Release|Any CPU.ActiveCfg = Release|Any CPU
		{4E5ADE6F-A932-413A-916C-C35F8102A6ED}.Release|Any CPU.Build.0 = Release|Any CPU
		{CB104DFB-A78B-4574-A37B-C53483B93483}.Debug|Any CPU.ActiveCfg = Debug|Any CPU
		{CB104DFB-A78B-4574-A37B-C53483B93483}.Debug|Any CPU.Build.0 = Debug|Any CPU
		{CB104DFB-A78B-4574-A37B-C53483B93483}.Release|Any CPU.ActiveCfg = Release|Any CPU
		{CB104DFB-A78B-4574-A37B-C53483B93483}.Release|Any CPU.Build.0 = Release|Any CPU
		{061A0E04-71C4-422D-A6A7-26A317E30151}.Debug|Any CPU.ActiveCfg = Debug|Any CPU
		{061A0E04-71C4-422D-A6A7-26A317E30151}.Debug|Any CPU.Build.0 = Debug|Any CPU
		{061A0E04-71C4-422D-A6A7-26A317E30151}.Release|Any CPU.ActiveCfg = Release|Any CPU
		{061A0E04-71C4-422D-A6A7-26A317E30151}.Release|Any CPU.Build.0 = Release|Any CPU
	EndGlobalSection
	GlobalSection(SolutionProperties) = preSolution
		HideSolutionNode = FALSE
	EndGlobalSection
	GlobalSection(ExtensibilityGlobals) = postSolution
		SolutionGuid = {6BF1D56A-FBB3-4D6F-9C95-FBDDA35B4E6F}
	EndGlobalSection
EndGlobal
